
Microsoft Visual Studio Solution File, Format Version 12.00
# Visual Studio Version 17
VisualStudioVersion = 17.0.31903.59
MinimumVisualStudioVersion = 10.0.40219.1
Project("{2150E333-8FDC-42A3-9474-1A3956D46DE8}") = "src", "src", "{827E0CD3-B72D-47B6-A68D-7590B98EB39B}"
EndProject
Project("{FAE04EC0-301F-11D3-BF4B-00C04F79EFBC}") = "WhySave.App", "src\WhySave.App\WhySave.App.csproj", "{2ECE5A31-DC42-483B-A9AB-8574753781E0}"
EndProject
Project("{FAE04EC0-301F-11D3-BF4B-00C04F79EFBC}") = "WhySave.Core", "src\WhySave.Core\WhySave.Core.csproj", "{B97441EE-7B9F-4AD5-ABBA-70EC457827AE}"
EndProject
Project("{FAE04EC0-301F-11D3-BF4B-00C04F79EFBC}") = "WhySave.Storage", "src\WhySave.Storage\WhySave.Storage.csproj", "{04B798B6-1792-4645-9738-C03E87BA75CB}"
EndProject
Project("{FAE04EC0-301F-11D3-BF4B-00C04F79EFBC}") = "WhySave.Crypto", "src\WhySave.Crypto\WhySave.Crypto.csproj", "{52252B11-6F54-486F-A12B-81968AFCA72B}"
EndProject
Project("{FAE04EC0-301F-11D3-BF4B-00C04F79EFBC}") = "WhySave.Native", "src\WhySave.Native\WhySave.Native.csproj", "{143381D6-71BD-41DA-BC1A-D523495E9C95}"
EndProject
Project("{2150E333-8FDC-42A3-9474-1A3956D46DE8}") = "test", "test", "{0C88DD14-F956-CE84-757C-A364CCF449FC}"
EndProject
Project("{FAE04EC0-301F-11D3-BF4B-00C04F79EFBC}") = "WhySave.Tests", "test\WhySave.Tests\WhySave.Tests.csproj", "{01EC3EBD-D815-4E8A-8249-2975310DCBA9}"
EndProject
Global
	GlobalSection(SolutionConfigurationPlatforms) = preSolution
		Debug|Any CPU = Debug|Any CPU
		Debug|x64 = Debug|x64
		Debug|x86 = Debug|x86
		Release|Any CPU = Release|Any CPU
		Release|x64 = Release|x64
		Release|x86 = Release|x86
	EndGlobalSection
	GlobalSection(ProjectConfigurationPlatforms) = postSolution
		{2ECE5A31-DC42-483B-A9AB-8574753781E0}.Debug|Any CPU.ActiveCfg = Debug|Any CPU
		{2ECE5A31-DC42-483B-A9AB-8574753781E0}.Debug|Any CPU.Build.0 = Debug|Any CPU
		{2ECE5A31-DC42-483B-A9AB-8574753781E0}.Debug|x64.ActiveCfg = Debug|Any CPU
		{2ECE5A31-DC42-483B-A9AB-8574753781E0}.Debug|x64.Build.0 = Debug|Any CPU
		{2ECE5A31-DC42-483B-A9AB-8574753781E0}.Debug|x86.ActiveCfg = Debug|Any CPU
		{2ECE5A31-DC42-483B-A9AB-8574753781E0}.Debug|x86.Build.0 = Debug|Any CPU
		{2ECE5A31-DC42-483B-A9AB-8574753781E0}.Release|Any CPU.ActiveCfg = Release|Any CPU
		{2ECE5A31-DC42-483B-A9AB-8574753781E0}.Release|Any CPU.Build.0 = Release|Any CPU
		{2ECE5A31-DC42-483B-A9AB-8574753781E0}.Release|x64.ActiveCfg = Release|Any CPU
		{2ECE5A31-DC42-483B-A9AB-8574753781E0}.Release|x64.Build.0 = Release|Any CPU
		{2ECE5A31-DC42-483B-A9AB-8574753781E0}.Release|x86.ActiveCfg = Release|Any CPU
		{2ECE5A31-DC42-483B-A9AB-8574753781E0}.Release|x86.Build.0 = Release|Any CPU
		{B97441EE-7B9F-4AD5-ABBA-70EC457827AE}.Debug|Any CPU.ActiveCfg = Debug|Any CPU
		{B97441EE-7B9F-4AD5-ABBA-70EC457827AE}.Debug|Any CPU.Build.0 = Debug|Any CPU
		{B97441EE-7B9F-4AD5-ABBA-70EC457827AE}.Debug|x64.ActiveCfg = Debug|Any CPU
		{B97441EE-7B9F-4AD5-ABBA-70EC457827AE}.Debug|x64.Build.0 = Debug|Any CPU
		{B97441EE-7B9F-4AD5-ABBA-70EC457827AE}.Debug|x86.ActiveCfg = Debug|Any CPU
		{B97441EE-7B9F-4AD5-ABBA-70EC457827AE}.Debug|x86.Build.0 = Debug|Any CPU
		{B97441EE-7B9F-4AD5-ABBA-70EC457827AE}.Release|Any CPU.ActiveCfg = Release|Any CPU
		{B97441EE-7B9F-4AD5-ABBA-70EC457827AE}.Release|Any CPU.Build.0 = Release|Any CPU
		{B97441EE-7B9F-4AD5-ABBA-70EC457827AE}.Release|x64.ActiveCfg = Release|Any CPU
		{B97441EE-7B9F-4AD5-ABBA-70EC457827AE}.Release|x64.Build.0 = Release|Any CPU
		{B97441EE-7B9F-4AD5-ABBA-70EC457827AE}.Release|x86.ActiveCfg = Release|Any CPU
		{B97441EE-7B9F-4AD5-ABBA-70EC457827AE}.Release|x86.Build.0 = Release|Any CPU
		{04B798B6-1792-4645-9738-C03E87BA75CB}.Debug|Any CPU.ActiveCfg = Debug|Any CPU
		{04B798B6-1792-4645-9738-C03E87BA75CB}.Debug|Any CPU.Build.0 = Debug|Any CPU
		{04B798B6-1792-4645-9738-C03E87BA75CB}.Debug|x64.ActiveCfg = Debug|Any CPU
		{04B798B6-1792-4645-9738-C03E87BA75CB}.Debug|x64.Build.0 = Debug|Any CPU
		{04B798B6-1792-4645-9738-C03E87BA75CB}.Debug|x86.ActiveCfg = Debug|Any CPU
		{04B798B6-1792-4645-9738-C03E87BA75CB}.Debug|x86.Build.0 = Debug|Any CPU
		{04B798B6-1792-4645-9738-C03E87BA75CB}.Release|Any CPU.ActiveCfg = Release|Any CPU
		{04B798B6-1792-4645-9738-C03E87BA75CB}.Release|Any CPU.Build.0 = Release|Any CPU
		{04B798B6-1792-4645-9738-C03E87BA75CB}.Release|x64.ActiveCfg = Release|Any CPU
		{04B798B6-1792-4645-9738-C03E87BA75CB}.Release|x64.Build.0 = Release|Any CPU
		{04B798B6-1792-4645-9738-C03E87BA75CB}.Release|x86.ActiveCfg = Release|Any CPU
		{04B798B6-1792-4645-9738-C03E87BA75CB}.Release|x86.Build.0 = Release|Any CPU
		{52252B11-6F54-486F-A12B-81968AFCA72B}.Debug|Any CPU.ActiveCfg = Debug|Any CPU
		{52252B11-6F54-486F-A12B-81968AFCA72B}.Debug|Any CPU.Build.0 = Debug|Any CPU
		{52252B11-6F54-486F-A12B-81968AFCA72B}.Debug|x64.ActiveCfg = Debug|Any CPU
		{52252B11-6F54-486F-A12B-81968AFCA72B}.Debug|x64.Build.0 = Debug|Any CPU
		{52252B11-6F54-486F-A12B-81968AFCA72B}.Debug|x86.ActiveCfg = Debug|Any CPU
		{52252B11-6F54-486F-A12B-81968AFCA72B}.Debug|x86.Build.0 = Debug|Any CPU
		{52252B11-6F54-486F-A12B-81968AFCA72B}.Release|Any CPU.ActiveCfg = Release|Any CPU
		{52252B11-6F54-486F-A12B-81968AFCA72B}.Release|Any CPU.Build.0 = Release|Any CPU
		{52252B11-6F54-486F-A12B-81968AFCA72B}.Release|x64.ActiveCfg = Release|Any CPU
		{52252B11-6F54-486F-A12B-81968AFCA72B}.Release|x64.Build.0 = Release|Any CPU
		{52252B11-6F54-486F-A12B-81968AFCA72B}.Release|x86.ActiveCfg = Release|Any CPU
		{52252B11-6F54-486F-A12B-81968AFCA72B}.Release|x86.Build.0 = Release|Any CPU
		{143381D6-71BD-41DA-BC1A-D523495E9C95}.Debug|Any CPU.ActiveCfg = Debug|Any CPU
		{143381D6-71BD-41DA-BC1A-D523495E9C95}.Debug|Any CPU.Build.0 = Debug|Any CPU
		{143381D6-71BD-41DA-BC1A-D523495E9C95}.Debug|x64.ActiveCfg = Debug|Any CPU
		{143381D6-71BD-41DA-BC1A-D523495E9C95}.Debug|x64.Build.0 = Debug|Any CPU
		{143381D6-71BD-41DA-BC1A-D523495E9C95}.Debug|x86.ActiveCfg = Debug|Any CPU
		{143381D6-71BD-41DA-BC1A-D523495E9C95}.Debug|x86.Build.0 = Debug|Any CPU
		{143381D6-71BD-41DA-BC1A-D523495E9C95}.Release|Any CPU.ActiveCfg = Release|Any CPU
		{143381D6-71BD-41DA-BC1A-D523495E9C95}.Release|Any CPU.Build.0 = Release|Any CPU
		{143381D6-71BD-41DA-BC1A-D523495E9C95}.Release|x64.ActiveCfg = Release|Any CPU
		{143381D6-71BD-41DA-BC1A-D523495E9C95}.Release|x64.Build.0 = Release|Any CPU
		{143381D6-71BD-41DA-BC1A-D523495E9C95}.Release|x86.ActiveCfg = Release|Any CPU
		{143381D6-71BD-41DA-BC1A-D523495E9C95}.Release|x86.Build.0 = Release|Any CPU
		{01EC3EBD-D815-4E8A-8249-2975310DCBA9}.Debug|Any CPU.ActiveCfg = Debug|Any CPU
		{01EC3EBD-D815-4E8A-8249-2975310DCBA9}.Debug|Any CPU.Build.0 = Debug|Any CPU
		{01EC3EBD-D815-4E8A-8249-2975310DCBA9}.Debug|x64.ActiveCfg = Debug|Any CPU
		{01EC3EBD-D815-4E8A-8249-2975310DCBA9}.Debug|x64.Build.0 = Debug|Any CPU
		{01EC3EBD-D815-4E8A-8249-2975310DCBA9}.Debug|x86.ActiveCfg = Debug|Any CPU
		{01EC3EBD-D815-4E8A-8249-2975310DCBA9}.Debug|x86.Build.0 = Debug|Any CPU
		{01EC3EBD-D815-4E8A-8249-2975310DCBA9}.Release|Any CPU.ActiveCfg = Release|Any CPU
		{01EC3EBD-D815-4E8A-8249-2975310DCBA9}.Release|Any CPU.Build.0 = Release|Any CPU
		{01EC3EBD-D815-4E8A-8249-2975310DCBA9}.Release|x64.ActiveCfg = Release|Any CPU
		{01EC3EBD-D815-4E8A-8249-2975310DCBA9}.Release|x64.Build.0 = Release|Any CPU
		{01EC3EBD-D815-4E8A-8249-2975310DCBA9}.Release|x86.ActiveCfg = Release|Any CPU
		{01EC3EBD-D815-4E8A-8249-2975310DCBA9}.Release|x86.Build.0 = Release|Any CPU
	EndGlobalSection
	GlobalSection(SolutionProperties) = preSolution
		HideSolutionNode = FALSE
	EndGlobalSection
	GlobalSection(NestedProjects) = preSolution
		{2ECE5A31-DC42-483B-A9AB-8574753781E0} = {827E0CD3-B72D-47B6-A68D-7590B98EB39B}
		{B97441EE-7B9F-4AD5-ABBA-70EC457827AE} = {827E0CD3-B72D-47B6-A68D-7590B98EB39B}
		{04B798B6-1792-4645-9738-C03E87BA75CB} = {827E0CD3-B72D-47B6-A68D-7590B98EB39B}
		{52252B11-6F54-486F-A12B-81968AFCA72B} = {827E0CD3-B72D-47B6-A68D-7590B98EB39B}
		{143381D6-71BD-41DA-BC1A-D523495E9C95} = {827E0CD3-B72D-47B6-A68D-7590B98EB39B}
		{01EC3EBD-D815-4E8A-8249-2975310DCBA9} = {0C88DD14-F956-CE84-757C-A364CCF449FC}
	EndGlobalSection
EndGlobal
